
Microsoft Visual Studio Solution File, Format Version 12.00
# Visual Studio Version 17
VisualStudioVersion = 17.0.31903.59
MinimumVisualStudioVersion = 10.0.40219.1
Project("{FAE04EC0-301F-11D3-BF4B-00C04F79EFBC}") = "Exe06A", "Exe06A\Exe06A.csproj", "{B7744F3F-0828-4AFC-99AA-504DE0D60B9E}"
EndProject
Project("{FAE04EC0-301F-11D3-BF4B-00C04F79EFBC}") = "Exe06B", "Exe06B\Exe06B.csproj", "{A15A57EF-1DE5-454D-BC59-CE9368735F9F}"
EndProject
Project("{FAE04EC0-301F-11D3-BF4B-00C04F79EFBC}") = "Exe06C", "Exe06C\Exe06C.csproj", "{52641402-1901-464F-B5EF-A14935903775}"
EndProject
Global
	GlobalSection(SolutionConfigurationPlatforms) = preSolution
		Debug|Any CPU = Debug|Any CPU
		Release|Any CPU = Release|Any CPU
	EndGlobalSection
	GlobalSection(SolutionProperties) = preSolution
		HideSolutionNode = FALSE
	EndGlobalSection
	GlobalSection(ProjectConfigurationPlatforms) = postSolution
		{B7744F3F-0828-4AFC-99AA-504DE0D60B9E}.Debug|Any CPU.ActiveCfg = Debug|Any CPU
		{B7744F3F-0828-4AFC-99AA-504DE0D60B9E}.Debug|Any CPU.Build.0 = Debug|Any CPU
		{B7744F3F-0828-4AFC-99AA-504DE0D60B9E}.Release|Any CPU.ActiveCfg = Release|Any CPU
		{B7744F3F-0828-4AFC-99AA-504DE0D60B9E}.Release|Any CPU.Build.0 = Release|Any CPU
		{A15A57EF-1DE5-454D-BC59-CE9368735F9F}.Debug|Any CPU.ActiveCfg = Debug|Any CPU
		{A15A57EF-1DE5-454D-BC59-CE9368735F9F}.Debug|Any CPU.Build.0 = Debug|Any CPU
		{A15A57EF-1DE5-454D-BC59-CE9368735F9F}.Release|Any CPU.ActiveCfg = Release|Any CPU
		{A15A57EF-1DE5-454D-BC59-CE9368735F9F}.Release|Any CPU.Build.0 = Release|Any CPU
		{52641402-1901-464F-B5EF-A14935903775}.Debug|Any CPU.ActiveCfg = Debug|Any CPU
		{52641402-1901-464F-B5EF-A14935903775}.Debug|Any CPU.Build.0 = Debug|Any CPU
		{52641402-1901-464F-B5EF-A14935903775}.Release|Any CPU.ActiveCfg = Release|Any CPU
		{52641402-1901-464F-B5EF-A14935903775}.Release|Any CPU.Build.0 = Release|Any CPU
	EndGlobalSection
EndGlobal
